
Microsoft Visual Studio Solution File, Format Version 12.00
# Visual Studio Version 17
VisualStudioVersion = 17.9.34728.123
MinimumVisualStudioVersion = 10.0.40219.1
Project("{FAE04EC0-301F-11D3-BF4B-00C04F79EFBC}") = "MDIPaint", "MDIPaint\MDIPaint.csproj", "{A3D08E92-F312-40F4-A873-37B7460606BA}"
EndProject
Global
	GlobalSection(SolutionConfigurationPlatforms) = preSolution
		Debug|Any CPU = Debug|Any CPU
		Release|Any CPU = Release|Any CPU
	EndGlobalSection
	GlobalSection(ProjectConfigurationPlatforms) = postSolution
		{A3D08E92-F312-40F4-A873-37B7460606BA}.Debug|Any CPU.ActiveCfg = Debug|Any CPU
		{A3D08E92-F312-40F4-A873-37B7460606BA}.Debug|Any CPU.Build.0 = Debug|Any CPU
		{A3D08E92-F312-40F4-A873-37B7460606BA}.Release|Any CPU.ActiveCfg = Release|Any CPU
		{A3D08E92-F312-40F4-A873-37B7460606BA}.Release|Any CPU.Build.0 = Release|Any CPU
	EndGlobalSection
	GlobalSection(SolutionProperties) = preSolution
		HideSolutionNode = FALSE
	EndGlobalSection
	GlobalSection(ExtensibilityGlobals) = postSolution
		SolutionGuid = {9C5B4A66-9452-4DB4-BEBC-08C976111C0C}
	EndGlobalSection
EndGlobal
